
Microsoft Visual Studio Solution File, Format Version 12.00
# Visual Studio Version 17
VisualStudioVersion = 17.14.36202.13 d17.14
MinimumVisualStudioVersion = 10.0.40219.1
Project("{FAE04EC0-301F-11D3-BF4B-00C04F79EFBC}") = "BarBud", "BarBud\BarBud.csproj", "{A3BF3087-025C-4320-931C-EDF5A061BBA5}"
EndProject
Global
	GlobalSection(SolutionConfigurationPlatforms) = preSolution
		Debug|Any CPU = Debug|Any CPU
		Release|Any CPU = Release|Any CPU
	EndGlobalSection
	GlobalSection(ProjectConfigurationPlatforms) = postSolution
		{A3BF3087-025C-4320-931C-EDF5A061BBA5}.Debug|Any CPU.ActiveCfg = Debug|Any CPU
		{A3BF3087-025C-4320-931C-EDF5A061BBA5}.Debug|Any CPU.Build.0 = Debug|Any CPU
		{A3BF3087-025C-4320-931C-EDF5A061BBA5}.Release|Any CPU.ActiveCfg = Release|Any CPU
		{A3BF3087-025C-4320-931C-EDF5A061BBA5}.Release|Any CPU.Build.0 = Release|Any CPU
	EndGlobalSection
	GlobalSection(SolutionProperties) = preSolution
		HideSolutionNode = FALSE
	EndGlobalSection
	GlobalSection(ExtensibilityGlobals) = postSolution
		SolutionGuid = {C4B974C8-919C-403A-9CD1-C562D89E8F6F}
	EndGlobalSection
EndGlobal
